// !$*UTF8*$!
{
	archiveVersion = 1;
	classes = {
	};
	objectVersion = 46;
	objects = {

/* Begin PBXBuildFile section */
		FD310E411D18FFF90051930A /* InboundBuyout.m in Sources */ = {isa = PBXBuildFile; fileRef = FD310E401D18FFF90051930A /* InboundBuyout.m */; };
		FD3869ED1CE3473700065BA3 /* ApiConnector.m in Sources */ = {isa = PBXBuildFile; fileRef = FD3869EC1CE3473700065BA3 /* ApiConnector.m */; };
		FD386A041CE349C600065BA3 /* Buyout.m in Sources */ = {isa = PBXBuildFile; fileRef = FD386A011CE349C600065BA3 /* Buyout.m */; };
		FD386A051CE349C600065BA3 /* User.m in Sources */ = {isa = PBXBuildFile; fileRef = FD386A031CE349C600065BA3 /* User.m */; };
		FD386A081CE34A3C00065BA3 /* DateUtility.m in Sources */ = {isa = PBXBuildFile; fileRef = FD386A071CE34A3C00065BA3 /* DateUtility.m */; };
		FD386A171CE34B9600065BA3 /* AFHTTPSessionManager.m in Sources */ = {isa = PBXBuildFile; fileRef = FD386A0B1CE34B9600065BA3 /* AFHTTPSessionManager.m */; };
		FD386A181CE34B9600065BA3 /* AFNetworkReachabilityManager.m in Sources */ = {isa = PBXBuildFile; fileRef = FD386A0E1CE34B9600065BA3 /* AFNetworkReachabilityManager.m */; };
		FD386A191CE34B9600065BA3 /* AFSecurityPolicy.m in Sources */ = {isa = PBXBuildFile; fileRef = FD386A101CE34B9600065BA3 /* AFSecurityPolicy.m */; };
		FD386A1A1CE34B9600065BA3 /* AFURLRequestSerialization.m in Sources */ = {isa = PBXBuildFile; fileRef = FD386A121CE34B9600065BA3 /* AFURLRequestSerialization.m */; };
		FD386A1B1CE34B9600065BA3 /* AFURLResponseSerialization.m in Sources */ = {isa = PBXBuildFile; fileRef = FD386A141CE34B9600065BA3 /* AFURLResponseSerialization.m */; };
		FD386A1C1CE34B9600065BA3 /* AFURLSessionManager.m in Sources */ = {isa = PBXBuildFile; fileRef = FD386A161CE34B9600065BA3 /* AFURLSessionManager.m */; };
		FD386A1F1CE34BB700065BA3 /* UserManager.m in Sources */ = {isa = PBXBuildFile; fileRef = FD386A1E1CE34BB700065BA3 /* UserManager.m */; };
		FD386A311CE3517A00065BA3 /* JASidePanelController.m in Sources */ = {isa = PBXBuildFile; fileRef = FD386A301CE3517A00065BA3 /* JASidePanelController.m */; settings = {COMPILER_FLAGS = "-w"; }; };
		FD386A341CE3637F00065BA3 /* RootViewController.m in Sources */ = {isa = PBXBuildFile; fileRef = FD386A331CE3637F00065BA3 /* RootViewController.m */; };
		FD386A381CE4FA3600065BA3 /* BigUserView.m in Sources */ = {isa = PBXBuildFile; fileRef = FD386A371CE4FA3600065BA3 /* BigUserView.m */; };
		FD386A3B1CE4FAC800065BA3 /* BuyoutsStatsView.m in Sources */ = {isa = PBXBuildFile; fileRef = FD386A3A1CE4FAC800065BA3 /* BuyoutsStatsView.m */; };
		FD386A3E1CE4FB3100065BA3 /* AttackerView.m in Sources */ = {isa = PBXBuildFile; fileRef = FD386A3D1CE4FB3100065BA3 /* AttackerView.m */; };
		FD386A4E1CE5385800065BA3 /* HomeHeader.m in Sources */ = {isa = PBXBuildFile; fileRef = FD386A4D1CE5385800065BA3 /* HomeHeader.m */; };
		FD4553CF1D07FBED00554618 /* CommonHeader.m in Sources */ = {isa = PBXBuildFile; fileRef = FD4553CE1D07FBED00554618 /* CommonHeader.m */; };
		FD4553D21D09629700554618 /* Settings.m in Sources */ = {isa = PBXBuildFile; fileRef = FD4553D11D09629700554618 /* Settings.m */; };
		FD4553DA1D09886700554618 /* KeychainWrapper.m in Sources */ = {isa = PBXBuildFile; fileRef = FD4553D91D09886700554618 /* KeychainWrapper.m */; settings = {COMPILER_FLAGS = "-w"; }; };
		FD4553DD1D109C4600554618 /* UIImageView+Cached.m in Sources */ = {isa = PBXBuildFile; fileRef = FD4553DC1D109C4600554618 /* UIImageView+Cached.m */; };
		FD4553E01D109C9900554618 /* ImageCache.m in Sources */ = {isa = PBXBuildFile; fileRef = FD4553DF1D109C9900554618 /* ImageCache.m */; };
		FD45A0BF1CD7735100304EC0 /* AppDelegate.m in Sources */ = {isa = PBXBuildFile; fileRef = FD45A0BE1CD7735100304EC0 /* AppDelegate.m */; };
		FD45A0CA1CD7735100304EC0 /* Assets.xcassets in Resources */ = {isa = PBXBuildFile; fileRef = FD45A0C91CD7735100304EC0 /* Assets.xcassets */; };
		FD5239571D0151B600983C07 /* StoreKit.framework in Frameworks */ = {isa = PBXBuildFile; fileRef = FD5239561D0151B600983C07 /* StoreKit.framework */; };
		FD7721CB1D32552E008CDD9F /* white_bg.jpg in Resources */ = {isa = PBXBuildFile; fileRef = FD7721CA1D32552E008CDD9F /* white_bg.jpg */; };
		FD8B5CAE1CDBE27000751642 /* Labels.strings in Resources */ = {isa = PBXBuildFile; fileRef = FD8B5CAC1CDBE27000751642 /* Labels.strings */; };
		FD8B5CC01CDBE6A600751642 /* UIFont+Utils.m in Sources */ = {isa = PBXBuildFile; fileRef = FD8B5CBF1CDBE6A600751642 /* UIFont+Utils.m */; };
		FD8B5CC51CDBFF8D00751642 /* LoginViewController.m in Sources */ = {isa = PBXBuildFile; fileRef = FD8B5CC41CDBFF8D00751642 /* LoginViewController.m */; };
		FD8B5CCB1CDBFFFA00751642 /* CommonSeparator.m in Sources */ = {isa = PBXBuildFile; fileRef = FD8B5CCA1CDBFFFA00751642 /* CommonSeparator.m */; };
		FD8B5CCE1CDFCFED00751642 /* CommonButton.m in Sources */ = {isa = PBXBuildFile; fileRef = FD8B5CCD1CDFCFED00751642 /* CommonButton.m */; };
		FD8B5CD11CDFE6A400751642 /* Buttons.strings in Resources */ = {isa = PBXBuildFile; fileRef = FD8B5CCF1CDFE6A400751642 /* Buttons.strings */; };
		FD8B5CD61CDFEDD100751642 /* LocalAuthentication.framework in Frameworks */ = {isa = PBXBuildFile; fileRef = FD8B5CD51CDFEDD100751642 /* LocalAuthentication.framework */; };
		FD8B5CE21CE2521B00751642 /* ResetPasswordViewController.m in Sources */ = {isa = PBXBuildFile; fileRef = FD8B5CE11CE2521B00751642 /* ResetPasswordViewController.m */; };
		FD8B5CE51CE2525100751642 /* AccountViewController.m in Sources */ = {isa = PBXBuildFile; fileRef = FD8B5CE41CE2525100751642 /* AccountViewController.m */; };
		FD8B5CF01CE2528300751642 /* HomeViewController.m in Sources */ = {isa = PBXBuildFile; fileRef = FD8B5CEF1CE2528300751642 /* HomeViewController.m */; };
		FD8B5CF41CE252AE00751642 /* SharesViewController.m in Sources */ = {isa = PBXBuildFile; fileRef = FD8B5CF31CE252AE00751642 /* SharesViewController.m */; };
		FD8B5CF91CE252BF00751642 /* LeftPanelViewController.m in Sources */ = {isa = PBXBuildFile; fileRef = FD8B5CF61CE252BF00751642 /* LeftPanelViewController.m */; };
		FD8B5CFA1CE252BF00751642 /* TabBarViewController.m in Sources */ = {isa = PBXBuildFile; fileRef = FD8B5CF81CE252BF00751642 /* TabBarViewController.m */; };
		FDA1A6821CEB467100FFB268 /* Globals.m in Sources */ = {isa = PBXBuildFile; fileRef = FDA1A6811CEB467100FFB268 /* Globals.m */; };
		FDA1A6891CEB544C00FFB268 /* TargetsBuyoutsHeader.m in Sources */ = {isa = PBXBuildFile; fileRef = FDA1A6881CEB544C00FFB268 /* TargetsBuyoutsHeader.m */; };
		FDA1A6921CEB961100FFB268 /* TargetsBuyoutsBaseViewController.m in Sources */ = {isa = PBXBuildFile; fileRef = FDA1A6911CEB961100FFB268 /* TargetsBuyoutsBaseViewController.m */; };
		FDA1A6951CEB967900FFB268 /* TargetsViewController.m in Sources */ = {isa = PBXBuildFile; fileRef = FDA1A6941CEB967900FFB268 /* TargetsViewController.m */; };
		FDA1A6981CEB968600FFB268 /* BuyoutsViewController.m in Sources */ = {isa = PBXBuildFile; fileRef = FDA1A6971CEB968600FFB268 /* BuyoutsViewController.m */; };
		FDA1A69B1CECDD7000FFB268 /* TargetsBuyoutsBaseCell.m in Sources */ = {isa = PBXBuildFile; fileRef = FDA1A69A1CECDD7000FFB268 /* TargetsBuyoutsBaseCell.m */; };
		FDA1A69E1CECE31800FFB268 /* TargetsCell.m in Sources */ = {isa = PBXBuildFile; fileRef = FDA1A69D1CECE31800FFB268 /* TargetsCell.m */; };
		FDA1A6A91CECEE2A00FFB268 /* BuyoutsCell.m in Sources */ = {isa = PBXBuildFile; fileRef = FDA1A6A81CECEE2A00FFB268 /* BuyoutsCell.m */; };
		FDA1A6AC1CEF5CD200FFB268 /* InitiateViewController.m in Sources */ = {isa = PBXBuildFile; fileRef = FDA1A6AB1CEF5CD200FFB268 /* InitiateViewController.m */; };
		FDA1A6AF1CEF6AD600FFB268 /* SelectShares.m in Sources */ = {isa = PBXBuildFile; fileRef = FDA1A6AE1CEF6AD600FFB268 /* SelectShares.m */; };
		FDA1A6B11CFC2ED400FFB268 /* WebKit.framework in Frameworks */ = {isa = PBXBuildFile; fileRef = FDA1A6B01CFC2ED400FFB268 /* WebKit.framework */; };
		FDA1A6BC1CFD8B4300FFB268 /* SharesTableViewCell.m in Sources */ = {isa = PBXBuildFile; fileRef = FDA1A6BB1CFD8B4300FFB268 /* SharesTableViewCell.m */; };
		FDA1A6BF1D001DF700FFB268 /* HomeInfo.m in Sources */ = {isa = PBXBuildFile; fileRef = FDA1A6BE1D001DF700FFB268 /* HomeInfo.m */; };
		FDFA5AF81CDA9F9700030A89 /* main.m in Sources */ = {isa = PBXBuildFile; fileRef = FDFA5AF61CDA9F9700030A89 /* main.m */; };
		FDFA5AFB1CDA9FAD00030A89 /* Texts.strings in Resources */ = {isa = PBXBuildFile; fileRef = FDFA5AFD1CDA9FAD00030A89 /* Texts.strings */; };
		FDFA5B011CDAA43600030A89 /* UIColor+Utils.m in Sources */ = {isa = PBXBuildFile; fileRef = FDFA5B001CDAA43600030A89 /* UIColor+Utils.m */; };
/* End PBXBuildFile section */

/* Begin PBXFileReference section */
		FD310E3F1D18FFF90051930A /* InboundBuyout.h */ = {isa = PBXFileReference; fileEncoding = 4; lastKnownFileType = sourcecode.c.h; name = InboundBuyout.h; path = Model/InboundBuyout.h; sourceTree = "<group>"; };
		FD310E401D18FFF90051930A /* InboundBuyout.m */ = {isa = PBXFileReference; fileEncoding = 4; lastKnownFileType = sourcecode.c.objc; name = InboundBuyout.m; path = Model/InboundBuyout.m; sourceTree = "<group>"; };
		FD3869EB1CE3473700065BA3 /* ApiConnector.h */ = {isa = PBXFileReference; fileEncoding = 4; lastKnownFileType = sourcecode.c.h; name = ApiConnector.h; path = Network/ApiConnector.h; sourceTree = "<group>"; };
		FD3869EC1CE3473700065BA3 /* ApiConnector.m */ = {isa = PBXFileReference; fileEncoding = 4; lastKnownFileType = sourcecode.c.objc; name = ApiConnector.m; path = Network/ApiConnector.m; sourceTree = "<group>"; };
		FD386A001CE349C600065BA3 /* Buyout.h */ = {isa = PBXFileReference; fileEncoding = 4; lastKnownFileType = sourcecode.c.h; name = Buyout.h; path = Model/Buyout.h; sourceTree = "<group>"; };
		FD386A011CE349C600065BA3 /* Buyout.m */ = {isa = PBXFileReference; fileEncoding = 4; lastKnownFileType = sourcecode.c.objc; name = Buyout.m; path = Model/Buyout.m; sourceTree = "<group>"; };
		FD386A021CE349C600065BA3 /* User.h */ = {isa = PBXFileReference; fileEncoding = 4; lastKnownFileType = sourcecode.c.h; name = User.h; path = Model/User.h; sourceTree = "<group>"; };
		FD386A031CE349C600065BA3 /* User.m */ = {isa = PBXFileReference; fileEncoding = 4; lastKnownFileType = sourcecode.c.objc; name = User.m; path = Model/User.m; sourceTree = "<group>"; };
		FD386A061CE34A3C00065BA3 /* DateUtility.h */ = {isa = PBXFileReference; fileEncoding = 4; lastKnownFileType = sourcecode.c.h; name = DateUtility.h; path = Utils/DateUtility.h; sourceTree = "<group>"; };
		FD386A071CE34A3C00065BA3 /* DateUtility.m */ = {isa = PBXFileReference; fileEncoding = 4; lastKnownFileType = sourcecode.c.objc; name = DateUtility.m; path = Utils/DateUtility.m; sourceTree = "<group>"; };
		FD386A0A1CE34B9600065BA3 /* AFHTTPSessionManager.h */ = {isa = PBXFileReference; fileEncoding = 4; lastKnownFileType = sourcecode.c.h; name = AFHTTPSessionManager.h; path = ThirdParty/AFNetworking/AFHTTPSessionManager.h; sourceTree = "<group>"; };
		FD386A0B1CE34B9600065BA3 /* AFHTTPSessionManager.m */ = {isa = PBXFileReference; fileEncoding = 4; lastKnownFileType = sourcecode.c.objc; name = AFHTTPSessionManager.m; path = ThirdParty/AFNetworking/AFHTTPSessionManager.m; sourceTree = "<group>"; };
		FD386A0C1CE34B9600065BA3 /* AFNetworking.h */ = {isa = PBXFileReference; fileEncoding = 4; lastKnownFileType = sourcecode.c.h; name = AFNetworking.h; path = ThirdParty/AFNetworking/AFNetworking.h; sourceTree = "<group>"; };
		FD386A0D1CE34B9600065BA3 /* AFNetworkReachabilityManager.h */ = {isa = PBXFileReference; fileEncoding = 4; lastKnownFileType = sourcecode.c.h; name = AFNetworkReachabilityManager.h; path = ThirdParty/AFNetworking/AFNetworkReachabilityManager.h; sourceTree = "<group>"; };
		FD386A0E1CE34B9600065BA3 /* AFNetworkReachabilityManager.m */ = {isa = PBXFileReference; fileEncoding = 4; lastKnownFileType = sourcecode.c.objc; name = AFNetworkReachabilityManager.m; path = ThirdParty/AFNetworking/AFNetworkReachabilityManager.m; sourceTree = "<group>"; };
		FD386A0F1CE34B9600065BA3 /* AFSecurityPolicy.h */ = {isa = PBXFileReference; fileEncoding = 4; lastKnownFileType = sourcecode.c.h; name = AFSecurityPolicy.h; path = ThirdParty/AFNetworking/AFSecurityPolicy.h; sourceTree = "<group>"; };
		FD386A101CE34B9600065BA3 /* AFSecurityPolicy.m */ = {isa = PBXFileReference; fileEncoding = 4; lastKnownFileType = sourcecode.c.objc; name = AFSecurityPolicy.m; path = ThirdParty/AFNetworking/AFSecurityPolicy.m; sourceTree = "<group>"; };
		FD386A111CE34B9600065BA3 /* AFURLRequestSerialization.h */ = {isa = PBXFileReference; fileEncoding = 4; lastKnownFileType = sourcecode.c.h; name = AFURLRequestSerialization.h; path = ThirdParty/AFNetworking/AFURLRequestSerialization.h; sourceTree = "<group>"; };
		FD386A121CE34B9600065BA3 /* AFURLRequestSerialization.m */ = {isa = PBXFileReference; fileEncoding = 4; lastKnownFileType = sourcecode.c.objc; name = AFURLRequestSerialization.m; path = ThirdParty/AFNetworking/AFURLRequestSerialization.m; sourceTree = "<group>"; };
		FD386A131CE34B9600065BA3 /* AFURLResponseSerialization.h */ = {isa = PBXFileReference; fileEncoding = 4; lastKnownFileType = sourcecode.c.h; name = AFURLResponseSerialization.h; path = ThirdParty/AFNetworking/AFURLResponseSerialization.h; sourceTree = "<group>"; };
		FD386A141CE34B9600065BA3 /* AFURLResponseSerialization.m */ = {isa = PBXFileReference; fileEncoding = 4; lastKnownFileType = sourcecode.c.objc; name = AFURLResponseSerialization.m; path = ThirdParty/AFNetworking/AFURLResponseSerialization.m; sourceTree = "<group>"; };
		FD386A151CE34B9600065BA3 /* AFURLSessionManager.h */ = {isa = PBXFileReference; fileEncoding = 4; lastKnownFileType = sourcecode.c.h; name = AFURLSessionManager.h; path = ThirdParty/AFNetworking/AFURLSessionManager.h; sourceTree = "<group>"; };
		FD386A161CE34B9600065BA3 /* AFURLSessionManager.m */ = {isa = PBXFileReference; fileEncoding = 4; lastKnownFileType = sourcecode.c.objc; name = AFURLSessionManager.m; path = ThirdParty/AFNetworking/AFURLSessionManager.m; sourceTree = "<group>"; };
		FD386A1D1CE34BB700065BA3 /* UserManager.h */ = {isa = PBXFileReference; fileEncoding = 4; lastKnownFileType = sourcecode.c.h; name = UserManager.h; path = Model/UserManager.h; sourceTree = "<group>"; };
		FD386A1E1CE34BB700065BA3 /* UserManager.m */ = {isa = PBXFileReference; fileEncoding = 4; lastKnownFileType = sourcecode.c.objc; name = UserManager.m; path = Model/UserManager.m; sourceTree = "<group>"; };
		FD386A2F1CE3517A00065BA3 /* JASidePanelController.h */ = {isa = PBXFileReference; fileEncoding = 4; lastKnownFileType = sourcecode.c.h; name = JASidePanelController.h; path = ThirdParty/SidePanel/JASidePanelController.h; sourceTree = "<group>"; };
		FD386A301CE3517A00065BA3 /* JASidePanelController.m */ = {isa = PBXFileReference; fileEncoding = 4; lastKnownFileType = sourcecode.c.objc; name = JASidePanelController.m; path = ThirdParty/SidePanel/JASidePanelController.m; sourceTree = "<group>"; };
		FD386A321CE3637F00065BA3 /* RootViewController.h */ = {isa = PBXFileReference; fileEncoding = 4; lastKnownFileType = sourcecode.c.h; name = RootViewController.h; path = View/Common/RootViewController.h; sourceTree = "<group>"; };
		FD386A331CE3637F00065BA3 /* RootViewController.m */ = {isa = PBXFileReference; fileEncoding = 4; lastKnownFileType = sourcecode.c.objc; name = RootViewController.m; path = View/Common/RootViewController.m; sourceTree = "<group>"; };
		FD386A361CE4FA3600065BA3 /* BigUserView.h */ = {isa = PBXFileReference; fileEncoding = 4; lastKnownFileType = sourcecode.c.h; name = BigUserView.h; path = View/Home/Views/BigUserView.h; sourceTree = "<group>"; };
		FD386A371CE4FA3600065BA3 /* BigUserView.m */ = {isa = PBXFileReference; fileEncoding = 4; lastKnownFileType = sourcecode.c.objc; name = BigUserView.m; path = View/Home/Views/BigUserView.m; sourceTree = "<group>"; };
		FD386A391CE4FAC800065BA3 /* BuyoutsStatsView.h */ = {isa = PBXFileReference; fileEncoding = 4; lastKnownFileType = sourcecode.c.h; name = BuyoutsStatsView.h; path = View/Home/Views/BuyoutsStatsView.h; sourceTree = "<group>"; };
		FD386A3A1CE4FAC800065BA3 /* BuyoutsStatsView.m */ = {isa = PBXFileReference; fileEncoding = 4; lastKnownFileType = sourcecode.c.objc; name = BuyoutsStatsView.m; path = View/Home/Views/BuyoutsStatsView.m; sourceTree = "<group>"; };
		FD386A3C1CE4FB3100065BA3 /* AttackerView.h */ = {isa = PBXFileReference; fileEncoding = 4; lastKnownFileType = sourcecode.c.h; name = AttackerView.h; path = View/Home/Views/AttackerView.h; sourceTree = "<group>"; };
		FD386A3D1CE4FB3100065BA3 /* AttackerView.m */ = {isa = PBXFileReference; fileEncoding = 4; lastKnownFileType = sourcecode.c.objc; name = AttackerView.m; path = View/Home/Views/AttackerView.m; sourceTree = "<group>"; };
		FD386A4C1CE5385800065BA3 /* HomeHeader.h */ = {isa = PBXFileReference; fileEncoding = 4; lastKnownFileType = sourcecode.c.h; name = HomeHeader.h; path = View/Home/Views/HomeHeader.h; sourceTree = "<group>"; };
		FD386A4D1CE5385800065BA3 /* HomeHeader.m */ = {isa = PBXFileReference; fileEncoding = 4; lastKnownFileType = sourcecode.c.objc; name = HomeHeader.m; path = View/Home/Views/HomeHeader.m; sourceTree = "<group>"; };
		FD4553CD1D07FBED00554618 /* CommonHeader.h */ = {isa = PBXFileReference; fileEncoding = 4; lastKnownFileType = sourcecode.c.h; name = CommonHeader.h; path = View/Common/Views/CommonHeader.h; sourceTree = "<group>"; };
		FD4553CE1D07FBED00554618 /* CommonHeader.m */ = {isa = PBXFileReference; fileEncoding = 4; lastKnownFileType = sourcecode.c.objc; name = CommonHeader.m; path = View/Common/Views/CommonHeader.m; sourceTree = "<group>"; };
		FD4553D01D09629700554618 /* Settings.h */ = {isa = PBXFileReference; fileEncoding = 4; lastKnownFileType = sourcecode.c.h; name = Settings.h; path = Model/Settings.h; sourceTree = "<group>"; };
		FD4553D11D09629700554618 /* Settings.m */ = {isa = PBXFileReference; fileEncoding = 4; lastKnownFileType = sourcecode.c.objc; name = Settings.m; path = Model/Settings.m; sourceTree = "<group>"; };
		FD4553D81D09886700554618 /* KeychainWrapper.h */ = {isa = PBXFileReference; fileEncoding = 4; lastKnownFileType = sourcecode.c.h; name = KeychainWrapper.h; path = ThirdParty/KeychainWrapper/KeychainWrapper.h; sourceTree = "<group>"; };
		FD4553D91D09886700554618 /* KeychainWrapper.m */ = {isa = PBXFileReference; fileEncoding = 4; lastKnownFileType = sourcecode.c.objc; name = KeychainWrapper.m; path = ThirdParty/KeychainWrapper/KeychainWrapper.m; sourceTree = "<group>"; };
		FD4553DB1D109C4600554618 /* UIImageView+Cached.h */ = {isa = PBXFileReference; fileEncoding = 4; lastKnownFileType = sourcecode.c.h; name = "UIImageView+Cached.h"; path = "Utils/UIImageView+Cached.h"; sourceTree = "<group>"; };
		FD4553DC1D109C4600554618 /* UIImageView+Cached.m */ = {isa = PBXFileReference; fileEncoding = 4; lastKnownFileType = sourcecode.c.objc; name = "UIImageView+Cached.m"; path = "Utils/UIImageView+Cached.m"; sourceTree = "<group>"; };
		FD4553DE1D109C9900554618 /* ImageCache.h */ = {isa = PBXFileReference; fileEncoding = 4; lastKnownFileType = sourcecode.c.h; name = ImageCache.h; path = Utils/ImageCache.h; sourceTree = "<group>"; };
		FD4553DF1D109C9900554618 /* ImageCache.m */ = {isa = PBXFileReference; fileEncoding = 4; lastKnownFileType = sourcecode.c.objc; name = ImageCache.m; path = Utils/ImageCache.m; sourceTree = "<group>"; };
		FD45A0B71CD7735100304EC0 /* Plutocrat.app */ = {isa = PBXFileReference; explicitFileType = wrapper.application; includeInIndex = 0; path = Plutocrat.app; sourceTree = BUILT_PRODUCTS_DIR; };
		FD45A0BD1CD7735100304EC0 /* AppDelegate.h */ = {isa = PBXFileReference; lastKnownFileType = sourcecode.c.h; path = AppDelegate.h; sourceTree = "<group>"; };
		FD45A0BE1CD7735100304EC0 /* AppDelegate.m */ = {isa = PBXFileReference; lastKnownFileType = sourcecode.c.objc; path = AppDelegate.m; sourceTree = "<group>"; };
		FD45A0C91CD7735100304EC0 /* Assets.xcassets */ = {isa = PBXFileReference; lastKnownFileType = folder.assetcatalog; path = Assets.xcassets; sourceTree = "<group>"; };
		FD5239561D0151B600983C07 /* StoreKit.framework */ = {isa = PBXFileReference; lastKnownFileType = wrapper.framework; name = StoreKit.framework; path = System/Library/Frameworks/StoreKit.framework; sourceTree = SDKROOT; };
		FD7721CA1D32552E008CDD9F /* white_bg.jpg */ = {isa = PBXFileReference; lastKnownFileType = image.jpeg; name = white_bg.jpg; path = Misc/white_bg.jpg; sourceTree = "<group>"; };
		FD8B5CAD1CDBE27000751642 /* Base */ = {isa = PBXFileReference; lastKnownFileType = text.plist.strings; name = Base; path = "Supporting Files/Base.lproj/Labels.strings"; sourceTree = "<group>"; };
		FD8B5CBE1CDBE6A600751642 /* UIFont+Utils.h */ = {isa = PBXFileReference; fileEncoding = 4; lastKnownFileType = sourcecode.c.h; name = "UIFont+Utils.h"; path = "Utils/UIFont+Utils.h"; sourceTree = "<group>"; };
		FD8B5CBF1CDBE6A600751642 /* UIFont+Utils.m */ = {isa = PBXFileReference; fileEncoding = 4; lastKnownFileType = sourcecode.c.objc; name = "UIFont+Utils.m"; path = "Utils/UIFont+Utils.m"; sourceTree = "<group>"; };
		FD8B5CC11CDBE78600751642 /* PrefixHeader.pch */ = {isa = PBXFileReference; lastKnownFileType = sourcecode.c.h; name = PrefixHeader.pch; path = "Supporting Files/PrefixHeader.pch"; sourceTree = "<group>"; };
		FD8B5CC31CDBFF8D00751642 /* LoginViewController.h */ = {isa = PBXFileReference; fileEncoding = 4; lastKnownFileType = sourcecode.c.h; name = LoginViewController.h; path = View/Authentication/LoginViewController.h; sourceTree = "<group>"; };
		FD8B5CC41CDBFF8D00751642 /* LoginViewController.m */ = {isa = PBXFileReference; fileEncoding = 4; lastKnownFileType = sourcecode.c.objc; name = LoginViewController.m; path = View/Authentication/LoginViewController.m; sourceTree = "<group>"; };
		FD8B5CC91CDBFFFA00751642 /* CommonSeparator.h */ = {isa = PBXFileReference; fileEncoding = 4; lastKnownFileType = sourcecode.c.h; name = CommonSeparator.h; path = View/Common/Views/CommonSeparator.h; sourceTree = "<group>"; };
		FD8B5CCA1CDBFFFA00751642 /* CommonSeparator.m */ = {isa = PBXFileReference; fileEncoding = 4; lastKnownFileType = sourcecode.c.objc; name = CommonSeparator.m; path = View/Common/Views/CommonSeparator.m; sourceTree = "<group>"; };
		FD8B5CCC1CDFCFED00751642 /* CommonButton.h */ = {isa = PBXFileReference; fileEncoding = 4; lastKnownFileType = sourcecode.c.h; name = CommonButton.h; path = View/Common/Views/CommonButton.h; sourceTree = "<group>"; };
		FD8B5CCD1CDFCFED00751642 /* CommonButton.m */ = {isa = PBXFileReference; fileEncoding = 4; lastKnownFileType = sourcecode.c.objc; name = CommonButton.m; path = View/Common/Views/CommonButton.m; sourceTree = "<group>"; };
		FD8B5CD01CDFE6A400751642 /* Base */ = {isa = PBXFileReference; lastKnownFileType = text.plist.strings; name = Base; path = "Supporting Files/Base.lproj/Buttons.strings"; sourceTree = "<group>"; };
		FD8B5CD51CDFEDD100751642 /* LocalAuthentication.framework */ = {isa = PBXFileReference; lastKnownFileType = wrapper.framework; name = LocalAuthentication.framework; path = System/Library/Frameworks/LocalAuthentication.framework; sourceTree = SDKROOT; };
		FD8B5CE01CE2521B00751642 /* ResetPasswordViewController.h */ = {isa = PBXFileReference; fileEncoding = 4; lastKnownFileType = sourcecode.c.h; name = ResetPasswordViewController.h; path = View/Authentication/ResetPasswordViewController.h; sourceTree = "<group>"; };
		FD8B5CE11CE2521B00751642 /* ResetPasswordViewController.m */ = {isa = PBXFileReference; fileEncoding = 4; lastKnownFileType = sourcecode.c.objc; name = ResetPasswordViewController.m; path = View/Authentication/ResetPasswordViewController.m; sourceTree = "<group>"; };
		FD8B5CE31CE2525100751642 /* AccountViewController.h */ = {isa = PBXFileReference; fileEncoding = 4; lastKnownFileType = sourcecode.c.h; name = AccountViewController.h; path = View/Account/AccountViewController.h; sourceTree = "<group>"; };
		FD8B5CE41CE2525100751642 /* AccountViewController.m */ = {isa = PBXFileReference; fileEncoding = 4; lastKnownFileType = sourcecode.c.objc; name = AccountViewController.m; path = View/Account/AccountViewController.m; sourceTree = "<group>"; };
		FD8B5CEE1CE2528300751642 /* HomeViewController.h */ = {isa = PBXFileReference; fileEncoding = 4; lastKnownFileType = sourcecode.c.h; name = HomeViewController.h; path = View/Home/HomeViewController.h; sourceTree = "<group>"; };
		FD8B5CEF1CE2528300751642 /* HomeViewController.m */ = {isa = PBXFileReference; fileEncoding = 4; lastKnownFileType = sourcecode.c.objc; name = HomeViewController.m; path = View/Home/HomeViewController.m; sourceTree = "<group>"; };
		FD8B5CF21CE252AE00751642 /* SharesViewController.h */ = {isa = PBXFileReference; fileEncoding = 4; lastKnownFileType = sourcecode.c.h; name = SharesViewController.h; path = View/Shares/SharesViewController.h; sourceTree = "<group>"; };
		FD8B5CF31CE252AE00751642 /* SharesViewController.m */ = {isa = PBXFileReference; fileEncoding = 4; lastKnownFileType = sourcecode.c.objc; name = SharesViewController.m; path = View/Shares/SharesViewController.m; sourceTree = "<group>"; };
		FD8B5CF51CE252BF00751642 /* LeftPanelViewController.h */ = {isa = PBXFileReference; fileEncoding = 4; lastKnownFileType = sourcecode.c.h; name = LeftPanelViewController.h; path = View/Common/LeftPanelViewController.h; sourceTree = "<group>"; };
		FD8B5CF61CE252BF00751642 /* LeftPanelViewController.m */ = {isa = PBXFileReference; fileEncoding = 4; lastKnownFileType = sourcecode.c.objc; name = LeftPanelViewController.m; path = View/Common/LeftPanelViewController.m; sourceTree = "<group>"; };
		FD8B5CF71CE252BF00751642 /* TabBarViewController.h */ = {isa = PBXFileReference; fileEncoding = 4; lastKnownFileType = sourcecode.c.h; name = TabBarViewController.h; path = View/Common/TabBarViewController.h; sourceTree = "<group>"; };
		FD8B5CF81CE252BF00751642 /* TabBarViewController.m */ = {isa = PBXFileReference; fileEncoding = 4; lastKnownFileType = sourcecode.c.objc; name = TabBarViewController.m; path = View/Common/TabBarViewController.m; sourceTree = "<group>"; };
		FDA1A6801CEB467100FFB268 /* Globals.h */ = {isa = PBXFileReference; fileEncoding = 4; lastKnownFileType = sourcecode.c.h; name = Globals.h; path = Utils/Globals.h; sourceTree = "<group>"; };
		FDA1A6811CEB467100FFB268 /* Globals.m */ = {isa = PBXFileReference; fileEncoding = 4; lastKnownFileType = sourcecode.c.objc; name = Globals.m; path = Utils/Globals.m; sourceTree = "<group>"; };
		FDA1A6871CEB544C00FFB268 /* TargetsBuyoutsHeader.h */ = {isa = PBXFileReference; fileEncoding = 4; lastKnownFileType = sourcecode.c.h; name = TargetsBuyoutsHeader.h; path = View/Interaction/Views/TargetsBuyoutsHeader.h; sourceTree = "<group>"; };
		FDA1A6881CEB544C00FFB268 /* TargetsBuyoutsHeader.m */ = {isa = PBXFileReference; fileEncoding = 4; lastKnownFileType = sourcecode.c.objc; name = TargetsBuyoutsHeader.m; path = View/Interaction/Views/TargetsBuyoutsHeader.m; sourceTree = "<group>"; };
		FDA1A6901CEB961100FFB268 /* TargetsBuyoutsBaseViewController.h */ = {isa = PBXFileReference; fileEncoding = 4; lastKnownFileType = sourcecode.c.h; name = TargetsBuyoutsBaseViewController.h; path = View/Interaction/TargetsBuyoutsBaseViewController.h; sourceTree = "<group>"; };
		FDA1A6911CEB961100FFB268 /* TargetsBuyoutsBaseViewController.m */ = {isa = PBXFileReference; fileEncoding = 4; lastKnownFileType = sourcecode.c.objc; name = TargetsBuyoutsBaseViewController.m; path = View/Interaction/TargetsBuyoutsBaseViewController.m; sourceTree = "<group>"; };
		FDA1A6931CEB967900FFB268 /* TargetsViewController.h */ = {isa = PBXFileReference; fileEncoding = 4; lastKnownFileType = sourcecode.c.h; name = TargetsViewController.h; path = View/Interaction/TargetsViewController.h; sourceTree = "<group>"; };
		FDA1A6941CEB967900FFB268 /* TargetsViewController.m */ = {isa = PBXFileReference; fileEncoding = 4; lastKnownFileType = sourcecode.c.objc; name = TargetsViewController.m; path = View/Interaction/TargetsViewController.m; sourceTree = "<group>"; };
		FDA1A6961CEB968600FFB268 /* BuyoutsViewController.h */ = {isa = PBXFileReference; fileEncoding = 4; lastKnownFileType = sourcecode.c.h; name = BuyoutsViewController.h; path = View/Interaction/BuyoutsViewController.h; sourceTree = "<group>"; };
		FDA1A6971CEB968600FFB268 /* BuyoutsViewController.m */ = {isa = PBXFileReference; fileEncoding = 4; lastKnownFileType = sourcecode.c.objc; name = BuyoutsViewController.m; path = View/Interaction/BuyoutsViewController.m; sourceTree = "<group>"; };
		FDA1A6991CECDD7000FFB268 /* TargetsBuyoutsBaseCell.h */ = {isa = PBXFileReference; fileEncoding = 4; lastKnownFileType = sourcecode.c.h; name = TargetsBuyoutsBaseCell.h; path = View/Interaction/Views/TargetsBuyoutsBaseCell.h; sourceTree = "<group>"; };
		FDA1A69A1CECDD7000FFB268 /* TargetsBuyoutsBaseCell.m */ = {isa = PBXFileReference; fileEncoding = 4; lastKnownFileType = sourcecode.c.objc; name = TargetsBuyoutsBaseCell.m; path = View/Interaction/Views/TargetsBuyoutsBaseCell.m; sourceTree = "<group>"; };
		FDA1A69C1CECE31700FFB268 /* TargetsCell.h */ = {isa = PBXFileReference; fileEncoding = 4; lastKnownFileType = sourcecode.c.h; name = TargetsCell.h; path = View/Interaction/Views/TargetsCell.h; sourceTree = "<group>"; };
		FDA1A69D1CECE31800FFB268 /* TargetsCell.m */ = {isa = PBXFileReference; fileEncoding = 4; lastKnownFileType = sourcecode.c.objc; name = TargetsCell.m; path = View/Interaction/Views/TargetsCell.m; sourceTree = "<group>"; };
		FDA1A6A71CECEE2A00FFB268 /* BuyoutsCell.h */ = {isa = PBXFileReference; fileEncoding = 4; lastKnownFileType = sourcecode.c.h; name = BuyoutsCell.h; path = View/Interaction/Views/BuyoutsCell.h; sourceTree = "<group>"; };
		FDA1A6A81CECEE2A00FFB268 /* BuyoutsCell.m */ = {isa = PBXFileReference; fileEncoding = 4; lastKnownFileType = sourcecode.c.objc; name = BuyoutsCell.m; path = View/Interaction/Views/BuyoutsCell.m; sourceTree = "<group>"; };
		FDA1A6AA1CEF5CD200FFB268 /* InitiateViewController.h */ = {isa = PBXFileReference; fileEncoding = 4; lastKnownFileType = sourcecode.c.h; name = InitiateViewController.h; path = View/Interaction/InitiateViewController.h; sourceTree = "<group>"; };
		FDA1A6AB1CEF5CD200FFB268 /* InitiateViewController.m */ = {isa = PBXFileReference; fileEncoding = 4; lastKnownFileType = sourcecode.c.objc; name = InitiateViewController.m; path = View/Interaction/InitiateViewController.m; sourceTree = "<group>"; };
		FDA1A6AD1CEF6AD600FFB268 /* SelectShares.h */ = {isa = PBXFileReference; fileEncoding = 4; lastKnownFileType = sourcecode.c.h; name = SelectShares.h; path = View/Interaction/Views/SelectShares.h; sourceTree = "<group>"; };
		FDA1A6AE1CEF6AD600FFB268 /* SelectShares.m */ = {isa = PBXFileReference; fileEncoding = 4; lastKnownFileType = sourcecode.c.objc; name = SelectShares.m; path = View/Interaction/Views/SelectShares.m; sourceTree = "<group>"; };
		FDA1A6B01CFC2ED400FFB268 /* WebKit.framework */ = {isa = PBXFileReference; lastKnownFileType = wrapper.framework; name = WebKit.framework; path = System/Library/Frameworks/WebKit.framework; sourceTree = SDKROOT; };
		FDA1A6BA1CFD8B4300FFB268 /* SharesTableViewCell.h */ = {isa = PBXFileReference; fileEncoding = 4; lastKnownFileType = sourcecode.c.h; name = SharesTableViewCell.h; path = View/Shares/Views/SharesTableViewCell.h; sourceTree = "<group>"; };
		FDA1A6BB1CFD8B4300FFB268 /* SharesTableViewCell.m */ = {isa = PBXFileReference; fileEncoding = 4; lastKnownFileType = sourcecode.c.objc; name = SharesTableViewCell.m; path = View/Shares/Views/SharesTableViewCell.m; sourceTree = "<group>"; };
		FDA1A6BD1D001DF700FFB268 /* HomeInfo.h */ = {isa = PBXFileReference; fileEncoding = 4; lastKnownFileType = sourcecode.c.h; name = HomeInfo.h; path = View/Home/Views/HomeInfo.h; sourceTree = "<group>"; };
		FDA1A6BE1D001DF700FFB268 /* HomeInfo.m */ = {isa = PBXFileReference; fileEncoding = 4; lastKnownFileType = sourcecode.c.objc; name = HomeInfo.m; path = View/Home/Views/HomeInfo.m; sourceTree = "<group>"; };
		FDFA5AF51CDA9F9700030A89 /* Info.plist */ = {isa = PBXFileReference; fileEncoding = 4; lastKnownFileType = text.plist.xml; name = Info.plist; path = "Supporting Files/Info.plist"; sourceTree = "<group>"; };
		FDFA5AF61CDA9F9700030A89 /* main.m */ = {isa = PBXFileReference; fileEncoding = 4; lastKnownFileType = sourcecode.c.objc; name = main.m; path = "Supporting Files/main.m"; sourceTree = "<group>"; };
		FDFA5AFC1CDA9FAD00030A89 /* Base */ = {isa = PBXFileReference; lastKnownFileType = text.plist.strings; name = Base; path = Base.lproj/Texts.strings; sourceTree = "<group>"; };
		FDFA5AFF1CDAA43600030A89 /* UIColor+Utils.h */ = {isa = PBXFileReference; fileEncoding = 4; lastKnownFileType = sourcecode.c.h; name = "UIColor+Utils.h"; path = "Utils/UIColor+Utils.h"; sourceTree = "<group>"; };
		FDFA5B001CDAA43600030A89 /* UIColor+Utils.m */ = {isa = PBXFileReference; fileEncoding = 4; lastKnownFileType = sourcecode.c.objc; name = "UIColor+Utils.m"; path = "Utils/UIColor+Utils.m"; sourceTree = "<group>"; };
/* End PBXFileReference section */

/* Begin PBXFrameworksBuildPhase section */
		FD45A0B41CD7735100304EC0 /* Frameworks */ = {
			isa = PBXFrameworksBuildPhase;
			buildActionMask = 2147483647;
			files = (
				FD5239571D0151B600983C07 /* StoreKit.framework in Frameworks */,
				FDA1A6B11CFC2ED400FFB268 /* WebKit.framework in Frameworks */,
				FD8B5CD61CDFEDD100751642 /* LocalAuthentication.framework in Frameworks */,
			);
			runOnlyForDeploymentPostprocessing = 0;
		};
/* End PBXFrameworksBuildPhase section */

/* Begin PBXGroup section */
		FD386A091CE34B8A00065BA3 /* AFNetworking */ = {
			isa = PBXGroup;
			children = (
				FD386A0A1CE34B9600065BA3 /* AFHTTPSessionManager.h */,
				FD386A0B1CE34B9600065BA3 /* AFHTTPSessionManager.m */,
				FD386A0C1CE34B9600065BA3 /* AFNetworking.h */,
				FD386A0D1CE34B9600065BA3 /* AFNetworkReachabilityManager.h */,
				FD386A0E1CE34B9600065BA3 /* AFNetworkReachabilityManager.m */,
				FD386A0F1CE34B9600065BA3 /* AFSecurityPolicy.h */,
				FD386A101CE34B9600065BA3 /* AFSecurityPolicy.m */,
				FD386A111CE34B9600065BA3 /* AFURLRequestSerialization.h */,
				FD386A121CE34B9600065BA3 /* AFURLRequestSerialization.m */,
				FD386A131CE34B9600065BA3 /* AFURLResponseSerialization.h */,
				FD386A141CE34B9600065BA3 /* AFURLResponseSerialization.m */,
				FD386A151CE34B9600065BA3 /* AFURLSessionManager.h */,
				FD386A161CE34B9600065BA3 /* AFURLSessionManager.m */,
			);
			name = AFNetworking;
			sourceTree = "<group>";
		};
		FD386A2E1CE3516B00065BA3 /* SidePanel */ = {
			isa = PBXGroup;
			children = (
				FD386A2F1CE3517A00065BA3 /* JASidePanelController.h */,
				FD386A301CE3517A00065BA3 /* JASidePanelController.m */,
			);
			name = SidePanel;
			sourceTree = "<group>";
		};
		FD386A351CE4F9F400065BA3 /* Views */ = {
			isa = PBXGroup;
			children = (
				FD386A3C1CE4FB3100065BA3 /* AttackerView.h */,
				FD386A3D1CE4FB3100065BA3 /* AttackerView.m */,
				FD386A361CE4FA3600065BA3 /* BigUserView.h */,
				FD386A371CE4FA3600065BA3 /* BigUserView.m */,
				FD386A391CE4FAC800065BA3 /* BuyoutsStatsView.h */,
				FD386A3A1CE4FAC800065BA3 /* BuyoutsStatsView.m */,
				FD386A4C1CE5385800065BA3 /* HomeHeader.h */,
				FD386A4D1CE5385800065BA3 /* HomeHeader.m */,
				FDA1A6BD1D001DF700FFB268 /* HomeInfo.h */,
				FDA1A6BE1D001DF700FFB268 /* HomeInfo.m */,
			);
			name = Views;
			sourceTree = "<group>";
		};
		FD4553D71D09885700554618 /* KeychainWrapper */ = {
			isa = PBXGroup;
			children = (
				FD4553D81D09886700554618 /* KeychainWrapper.h */,
				FD4553D91D09886700554618 /* KeychainWrapper.m */,
			);
			name = KeychainWrapper;
			sourceTree = "<group>";
		};
		FD45A0AE1CD7735100304EC0 = {
			isa = PBXGroup;
			children = (
				FD8B5CD71CDFEDDE00751642 /* Frameworks */,
				FD45A0B91CD7735100304EC0 /* Plutocrat */,
				FD45A0B81CD7735100304EC0 /* Products */,
			);
			sourceTree = "<group>";
		};
		FD45A0B81CD7735100304EC0 /* Products */ = {
			isa = PBXGroup;
			children = (
				FD45A0B71CD7735100304EC0 /* Plutocrat.app */,
			);
			name = Products;
			sourceTree = "<group>";
		};
		FD45A0B91CD7735100304EC0 /* Plutocrat */ = {
			isa = PBXGroup;
			children = (
				FD45A0BD1CD7735100304EC0 /* AppDelegate.h */,
				FD45A0BE1CD7735100304EC0 /* AppDelegate.m */,
				FD45A0C91CD7735100304EC0 /* Assets.xcassets */,
				FD7721C91D32551E008CDD9F /* Misc */,
				FD8B5CD91CE250FD00751642 /* Model */,
				FD8B5CD81CE250F700751642 /* Network */,
				FD45A0BA1CD7735100304EC0 /* Supporting Files */,
				FD45A0D41CD8D7E900304EC0 /* ThirdParty */,
				FDFA5AFE1CDAA3A100030A89 /* Utils */,
				FD45A0D81CD8DAA200304EC0 /* View */,
			);
			path = Plutocrat;
			sourceTree = "<group>";
		};
		FD45A0BA1CD7735100304EC0 /* Supporting Files */ = {
			isa = PBXGroup;
			children = (
				FD8B5CAF1CDBE27900751642 /* Base.lproj */,
				FDFA5AF51CDA9F9700030A89 /* Info.plist */,
				FDFA5AF61CDA9F9700030A89 /* main.m */,
				FD8B5CC11CDBE78600751642 /* PrefixHeader.pch */,
			);
			name = "Supporting Files";
			sourceTree = "<group>";
		};
		FD45A0D41CD8D7E900304EC0 /* ThirdParty */ = {
			isa = PBXGroup;
			children = (
				FD386A091CE34B8A00065BA3 /* AFNetworking */,
				FD4553D71D09885700554618 /* KeychainWrapper */,
				FD386A2E1CE3516B00065BA3 /* SidePanel */,
			);
			name = ThirdParty;
			sourceTree = "<group>";
		};
		FD45A0D81CD8DAA200304EC0 /* View */ = {
			isa = PBXGroup;
			children = (
				FD8B5CDF1CE251DD00751642 /* Account */,
				FD8B5CC21CDBFF5600751642 /* Authentication */,
				FD8B5CC71CDBFFBD00751642 /* Common */,
				FD8B5CED1CE2527500751642 /* Home */,
				FD8B5CE61CE2525700751642 /* Interaction */,
				FD8B5CF11CE252A200751642 /* Shares */,
			);
			name = View;
			sourceTree = "<group>";
		};
		FD7721C91D32551E008CDD9F /* Misc */ = {
			isa = PBXGroup;
			children = (
				FD7721CA1D32552E008CDD9F /* white_bg.jpg */,
			);
			name = Misc;
			sourceTree = "<group>";
		};
		FD8B5CAF1CDBE27900751642 /* Base.lproj */ = {
			isa = PBXGroup;
			children = (
				FD8B5CCF1CDFE6A400751642 /* Buttons.strings */,
				FD8B5CAC1CDBE27000751642 /* Labels.strings */,
				FDFA5AFD1CDA9FAD00030A89 /* Texts.strings */,
			);
			name = Base.lproj;
			sourceTree = "<group>";
		};
		FD8B5CC21CDBFF5600751642 /* Authentication */ = {
			isa = PBXGroup;
			children = (
				FD8B5CC31CDBFF8D00751642 /* LoginViewController.h */,
				FD8B5CC41CDBFF8D00751642 /* LoginViewController.m */,
				FD8B5CE01CE2521B00751642 /* ResetPasswordViewController.h */,
				FD8B5CE11CE2521B00751642 /* ResetPasswordViewController.m */,
			);
			name = Authentication;
			sourceTree = "<group>";
		};
		FD8B5CC71CDBFFBD00751642 /* Common */ = {
			isa = PBXGroup;
			children = (
				FD8B5CF51CE252BF00751642 /* LeftPanelViewController.h */,
				FD8B5CF61CE252BF00751642 /* LeftPanelViewController.m */,
				FD386A321CE3637F00065BA3 /* RootViewController.h */,
				FD386A331CE3637F00065BA3 /* RootViewController.m */,
				FD8B5CF71CE252BF00751642 /* TabBarViewController.h */,
				FD8B5CF81CE252BF00751642 /* TabBarViewController.m */,
				FD8B5CC81CDBFFDB00751642 /* Views */,
			);
			name = Common;
			sourceTree = "<group>";
		};
		FD8B5CC81CDBFFDB00751642 /* Views */ = {
			isa = PBXGroup;
			children = (
				FD8B5CCC1CDFCFED00751642 /* CommonButton.h */,
				FD8B5CCD1CDFCFED00751642 /* CommonButton.m */,
				FD4553CD1D07FBED00554618 /* CommonHeader.h */,
				FD4553CE1D07FBED00554618 /* CommonHeader.m */,
				FD8B5CC91CDBFFFA00751642 /* CommonSeparator.h */,
				FD8B5CCA1CDBFFFA00751642 /* CommonSeparator.m */,
			);
			name = Views;
			sourceTree = "<group>";
		};
		FD8B5CD71CDFEDDE00751642 /* Frameworks */ = {
			isa = PBXGroup;
			children = (
				FD8B5CD51CDFEDD100751642 /* LocalAuthentication.framework */,
				FD5239561D0151B600983C07 /* StoreKit.framework */,
				FDA1A6B01CFC2ED400FFB268 /* WebKit.framework */,
			);
			name = Frameworks;
			sourceTree = "<group>";
		};
		FD8B5CD81CE250F700751642 /* Network */ = {
			isa = PBXGroup;
			children = (
				FD3869EB1CE3473700065BA3 /* ApiConnector.h */,
				FD3869EC1CE3473700065BA3 /* ApiConnector.m */,
			);
			name = Network;
			sourceTree = "<group>";
		};
		FD8B5CD91CE250FD00751642 /* Model */ = {
			isa = PBXGroup;
			children = (
				FD386A001CE349C600065BA3 /* Buyout.h */,
				FD386A011CE349C600065BA3 /* Buyout.m */,
				FD310E3F1D18FFF90051930A /* InboundBuyout.h */,
				FD310E401D18FFF90051930A /* InboundBuyout.m */,
				FD4553D01D09629700554618 /* Settings.h */,
				FD4553D11D09629700554618 /* Settings.m */,
				FD386A021CE349C600065BA3 /* User.h */,
				FD386A031CE349C600065BA3 /* User.m */,
				FD386A1D1CE34BB700065BA3 /* UserManager.h */,
				FD386A1E1CE34BB700065BA3 /* UserManager.m */,
			);
			name = Model;
			sourceTree = "<group>";
		};
		FD8B5CDF1CE251DD00751642 /* Account */ = {
			isa = PBXGroup;
			children = (
				FD8B5CE31CE2525100751642 /* AccountViewController.h */,
				FD8B5CE41CE2525100751642 /* AccountViewController.m */,
			);
			name = Account;
			sourceTree = "<group>";
		};
		FD8B5CE61CE2525700751642 /* Interaction */ = {
			isa = PBXGroup;
			children = (
				FDA1A6961CEB968600FFB268 /* BuyoutsViewController.h */,
				FDA1A6971CEB968600FFB268 /* BuyoutsViewController.m */,
				FDA1A6AA1CEF5CD200FFB268 /* InitiateViewController.h */,
				FDA1A6AB1CEF5CD200FFB268 /* InitiateViewController.m */,
				FDA1A6901CEB961100FFB268 /* TargetsBuyoutsBaseViewController.h */,
				FDA1A6911CEB961100FFB268 /* TargetsBuyoutsBaseViewController.m */,
				FDA1A6931CEB967900FFB268 /* TargetsViewController.h */,
				FDA1A6941CEB967900FFB268 /* TargetsViewController.m */,
				FDA1A6861CEB531300FFB268 /* Views */,
			);
			name = Interaction;
			sourceTree = "<group>";
		};
		FD8B5CED1CE2527500751642 /* Home */ = {
			isa = PBXGroup;
			children = (
				FD8B5CEE1CE2528300751642 /* HomeViewController.h */,
				FD8B5CEF1CE2528300751642 /* HomeViewController.m */,
				FD386A351CE4F9F400065BA3 /* Views */,
			);
			name = Home;
			sourceTree = "<group>";
		};
		FD8B5CF11CE252A200751642 /* Shares */ = {
			isa = PBXGroup;
			children = (
				FD8B5CF21CE252AE00751642 /* SharesViewController.h */,
				FD8B5CF31CE252AE00751642 /* SharesViewController.m */,
				FDA1A6B61CFD5B1900FFB268 /* Views */,
			);
			name = Shares;
			sourceTree = "<group>";
		};
		FDA1A6861CEB531300FFB268 /* Views */ = {
			isa = PBXGroup;
			children = (
				FDA1A6A71CECEE2A00FFB268 /* BuyoutsCell.h */,
				FDA1A6A81CECEE2A00FFB268 /* BuyoutsCell.m */,
				FDA1A6AD1CEF6AD600FFB268 /* SelectShares.h */,
				FDA1A6AE1CEF6AD600FFB268 /* SelectShares.m */,
				FDA1A6991CECDD7000FFB268 /* TargetsBuyoutsBaseCell.h */,
				FDA1A69A1CECDD7000FFB268 /* TargetsBuyoutsBaseCell.m */,
				FDA1A6871CEB544C00FFB268 /* TargetsBuyoutsHeader.h */,
				FDA1A6881CEB544C00FFB268 /* TargetsBuyoutsHeader.m */,
				FDA1A69C1CECE31700FFB268 /* TargetsCell.h */,
				FDA1A69D1CECE31800FFB268 /* TargetsCell.m */,
			);
			name = Views;
			sourceTree = "<group>";
		};
		FDA1A6B61CFD5B1900FFB268 /* Views */ = {
			isa = PBXGroup;
			children = (
				FDA1A6BA1CFD8B4300FFB268 /* SharesTableViewCell.h */,
				FDA1A6BB1CFD8B4300FFB268 /* SharesTableViewCell.m */,
			);
			name = Views;
			sourceTree = "<group>";
		};
		FDFA5AFE1CDAA3A100030A89 /* Utils */ = {
			isa = PBXGroup;
			children = (
				FD386A061CE34A3C00065BA3 /* DateUtility.h */,
				FD386A071CE34A3C00065BA3 /* DateUtility.m */,
				FDA1A6801CEB467100FFB268 /* Globals.h */,
				FDA1A6811CEB467100FFB268 /* Globals.m */,
				FD4553DE1D109C9900554618 /* ImageCache.h */,
				FD4553DF1D109C9900554618 /* ImageCache.m */,
				FDFA5AFF1CDAA43600030A89 /* UIColor+Utils.h */,
				FDFA5B001CDAA43600030A89 /* UIColor+Utils.m */,
				FD8B5CBE1CDBE6A600751642 /* UIFont+Utils.h */,
				FD8B5CBF1CDBE6A600751642 /* UIFont+Utils.m */,
				FD4553DB1D109C4600554618 /* UIImageView+Cached.h */,
				FD4553DC1D109C4600554618 /* UIImageView+Cached.m */,
			);
			name = Utils;
			sourceTree = "<group>";
		};
/* End PBXGroup section */

/* Begin PBXNativeTarget section */
		FD45A0B61CD7735100304EC0 /* Plutocrat */ = {
			isa = PBXNativeTarget;
			buildConfigurationList = FD45A0D11CD7735100304EC0 /* Build configuration list for PBXNativeTarget "Plutocrat" */;
			buildPhases = (
				FD45A0B31CD7735100304EC0 /* Sources */,
				FD45A0B41CD7735100304EC0 /* Frameworks */,
				FD45A0B51CD7735100304EC0 /* Resources */,
			);
			buildRules = (
			);
			dependencies = (
			);
			name = Plutocrat;
			productName = Plutocrat;
			productReference = FD45A0B71CD7735100304EC0 /* Plutocrat.app */;
			productType = "com.apple.product-type.application";
		};
/* End PBXNativeTarget section */

/* Begin PBXProject section */
		FD45A0AF1CD7735100304EC0 /* Project object */ = {
			isa = PBXProject;
			attributes = {
				LastUpgradeCheck = 0730;
				ORGANIZATIONNAME = "Whitefly Ventures";
				TargetAttributes = {
					FD45A0B61CD7735100304EC0 = {
						CreatedOnToolsVersion = 7.3;
						DevelopmentTeam = 86AUZJL55V;
						DevelopmentTeamName = "Whitefly Ventures, Inc.";
						ProvisioningStyle = Automatic;
						SystemCapabilities = {
							com.apple.InAppPurchase = {
								enabled = 1;
							};
							com.apple.Push = {
								enabled = 1;
							};
						};
					};
				};
			};
			buildConfigurationList = FD45A0B21CD7735100304EC0 /* Build configuration list for PBXProject "Plutocrat" */;
			compatibilityVersion = "Xcode 3.2";
			developmentRegion = English;
			hasScannedForEncodings = 0;
			knownRegions = (
				en,
				Base,
			);
			mainGroup = FD45A0AE1CD7735100304EC0;
			productRefGroup = FD45A0B81CD7735100304EC0 /* Products */;
			projectDirPath = "";
			projectRoot = "";
			targets = (
				FD45A0B61CD7735100304EC0 /* Plutocrat */,
			);
		};
/* End PBXProject section */

/* Begin PBXResourcesBuildPhase section */
		FD45A0B51CD7735100304EC0 /* Resources */ = {
			isa = PBXResourcesBuildPhase;
			buildActionMask = 2147483647;
			files = (
				FD8B5CD11CDFE6A400751642 /* Buttons.strings in Resources */,
				FD8B5CAE1CDBE27000751642 /* Labels.strings in Resources */,
				FD7721CB1D32552E008CDD9F /* white_bg.jpg in Resources */,
				FD45A0CA1CD7735100304EC0 /* Assets.xcassets in Resources */,
				FDFA5AFB1CDA9FAD00030A89 /* Texts.strings in Resources */,
			);
			runOnlyForDeploymentPostprocessing = 0;
		};
/* End PBXResourcesBuildPhase section */

/* Begin PBXSourcesBuildPhase section */
		FD45A0B31CD7735100304EC0 /* Sources */ = {
			isa = PBXSourcesBuildPhase;
			buildActionMask = 2147483647;
			files = (
				FD45A0BF1CD7735100304EC0 /* AppDelegate.m in Sources */,
				FD4553DD1D109C4600554618 /* UIImageView+Cached.m in Sources */,
				FD8B5CC51CDBFF8D00751642 /* LoginViewController.m in Sources */,
				FDA1A6AF1CEF6AD600FFB268 /* SelectShares.m in Sources */,
				FDA1A6981CEB968600FFB268 /* BuyoutsViewController.m in Sources */,
				FD8B5CF91CE252BF00751642 /* LeftPanelViewController.m in Sources */,
				FD4553D21D09629700554618 /* Settings.m in Sources */,
				FD310E411D18FFF90051930A /* InboundBuyout.m in Sources */,
				FD386A1F1CE34BB700065BA3 /* UserManager.m in Sources */,
				FD386A311CE3517A00065BA3 /* JASidePanelController.m in Sources */,
				FD386A081CE34A3C00065BA3 /* DateUtility.m in Sources */,
				FD386A191CE34B9600065BA3 /* AFSecurityPolicy.m in Sources */,
				FD386A4E1CE5385800065BA3 /* HomeHeader.m in Sources */,
				FD3869ED1CE3473700065BA3 /* ApiConnector.m in Sources */,
				FDA1A6A91CECEE2A00FFB268 /* BuyoutsCell.m in Sources */,
				FD386A3B1CE4FAC800065BA3 /* BuyoutsStatsView.m in Sources */,
				FDA1A6951CEB967900FFB268 /* TargetsViewController.m in Sources */,
				FDA1A6921CEB961100FFB268 /* TargetsBuyoutsBaseViewController.m in Sources */,
				FD8B5CF01CE2528300751642 /* HomeViewController.m in Sources */,
				FD386A341CE3637F00065BA3 /* RootViewController.m in Sources */,
				FD386A051CE349C600065BA3 /* User.m in Sources */,
				FD8B5CF41CE252AE00751642 /* SharesViewController.m in Sources */,
				FDA1A6BF1D001DF700FFB268 /* HomeInfo.m in Sources */,
				FD8B5CC01CDBE6A600751642 /* UIFont+Utils.m in Sources */,
				FDA1A69E1CECE31800FFB268 /* TargetsCell.m in Sources */,
				FDA1A6821CEB467100FFB268 /* Globals.m in Sources */,
				FD386A3E1CE4FB3100065BA3 /* AttackerView.m in Sources */,
				FDA1A69B1CECDD7000FFB268 /* TargetsBuyoutsBaseCell.m in Sources */,
				FD4553CF1D07FBED00554618 /* CommonHeader.m in Sources */,
				FD8B5CE21CE2521B00751642 /* ResetPasswordViewController.m in Sources */,
				FD386A381CE4FA3600065BA3 /* BigUserView.m in Sources */,
				FDA1A6891CEB544C00FFB268 /* TargetsBuyoutsHeader.m in Sources */,
				FD4553E01D109C9900554618 /* ImageCache.m in Sources */,
				FD386A171CE34B9600065BA3 /* AFHTTPSessionManager.m in Sources */,
				FD386A041CE349C600065BA3 /* Buyout.m in Sources */,
				FDFA5B011CDAA43600030A89 /* UIColor+Utils.m in Sources */,
				FD386A1C1CE34B9600065BA3 /* AFURLSessionManager.m in Sources */,
				FDA1A6BC1CFD8B4300FFB268 /* SharesTableViewCell.m in Sources */,
				FD386A1B1CE34B9600065BA3 /* AFURLResponseSerialization.m in Sources */,
				FD386A1A1CE34B9600065BA3 /* AFURLRequestSerialization.m in Sources */,
				FDA1A6AC1CEF5CD200FFB268 /* InitiateViewController.m in Sources */,
				FD8B5CCE1CDFCFED00751642 /* CommonButton.m in Sources */,
				FD8B5CCB1CDBFFFA00751642 /* CommonSeparator.m in Sources */,
				FDFA5AF81CDA9F9700030A89 /* main.m in Sources */,
				FD8B5CFA1CE252BF00751642 /* TabBarViewController.m in Sources */,
				FD386A181CE34B9600065BA3 /* AFNetworkReachabilityManager.m in Sources */,
				FD8B5CE51CE2525100751642 /* AccountViewController.m in Sources */,
				FD4553DA1D09886700554618 /* KeychainWrapper.m in Sources */,
			);
			runOnlyForDeploymentPostprocessing = 0;
		};
/* End PBXSourcesBuildPhase section */

/* Begin PBXVariantGroup section */
		FD8B5CAC1CDBE27000751642 /* Labels.strings */ = {
			isa = PBXVariantGroup;
			children = (
				FD8B5CAD1CDBE27000751642 /* Base */,
			);
			name = Labels.strings;
			sourceTree = "<group>";
		};
		FD8B5CCF1CDFE6A400751642 /* Buttons.strings */ = {
			isa = PBXVariantGroup;
			children = (
				FD8B5CD01CDFE6A400751642 /* Base */,
			);
			name = Buttons.strings;
			sourceTree = "<group>";
		};
		FDFA5AFD1CDA9FAD00030A89 /* Texts.strings */ = {
			isa = PBXVariantGroup;
			children = (
				FDFA5AFC1CDA9FAD00030A89 /* Base */,
			);
			name = Texts.strings;
			path = "Supporting Files";
			sourceTree = "<group>";
		};
/* End PBXVariantGroup section */

/* Begin XCBuildConfiguration section */
		FD45A0CF1CD7735100304EC0 /* Debug */ = {
			isa = XCBuildConfiguration;
			buildSettings = {
				ALWAYS_SEARCH_USER_PATHS = NO;
				CLANG_ANALYZER_NONNULL = YES;
				CLANG_CXX_LANGUAGE_STANDARD = "gnu++0x";
				CLANG_CXX_LIBRARY = "libc++";
				CLANG_ENABLE_MODULES = YES;
				CLANG_ENABLE_OBJC_ARC = YES;
				CLANG_WARN_BOOL_CONVERSION = YES;
				CLANG_WARN_CONSTANT_CONVERSION = YES;
				CLANG_WARN_DIRECT_OBJC_ISA_USAGE = YES_ERROR;
				CLANG_WARN_EMPTY_BODY = YES;
				CLANG_WARN_ENUM_CONVERSION = YES;
				CLANG_WARN_INT_CONVERSION = YES;
				CLANG_WARN_OBJC_ROOT_CLASS = YES_ERROR;
				CLANG_WARN_UNREACHABLE_CODE = YES;
				CLANG_WARN__DUPLICATE_METHOD_MATCH = YES;
				"CODE_SIGN_IDENTITY[sdk=iphoneos*]" = "iPhone Developer";
				COPY_PHASE_STRIP = NO;
				DEBUG_INFORMATION_FORMAT = dwarf;
				ENABLE_STRICT_OBJC_MSGSEND = YES;
				ENABLE_TESTABILITY = YES;
				GCC_C_LANGUAGE_STANDARD = gnu99;
				GCC_DYNAMIC_NO_PIC = NO;
				GCC_NO_COMMON_BLOCKS = YES;
				GCC_OPTIMIZATION_LEVEL = 0;
				GCC_PREPROCESSOR_DEFINITIONS = (
					"DEBUG=1",
					"$(inherited)",
				);
				GCC_WARN_64_TO_32_BIT_CONVERSION = YES;
				GCC_WARN_ABOUT_RETURN_TYPE = YES_ERROR;
				GCC_WARN_UNDECLARED_SELECTOR = YES;
				GCC_WARN_UNINITIALIZED_AUTOS = YES_AGGRESSIVE;
				GCC_WARN_UNUSED_FUNCTION = YES;
				GCC_WARN_UNUSED_VARIABLE = YES;
				IPHONEOS_DEPLOYMENT_TARGET = 9.3;
				MTL_ENABLE_DEBUG_INFO = YES;
				ONLY_ACTIVE_ARCH = YES;
				SDKROOT = iphoneos;
			};
			name = Debug;
		};
		FD45A0D01CD7735100304EC0 /* Release */ = {
			isa = XCBuildConfiguration;
			buildSettings = {
				ALWAYS_SEARCH_USER_PATHS = NO;
				CLANG_ANALYZER_NONNULL = YES;
				CLANG_CXX_LANGUAGE_STANDARD = "gnu++0x";
				CLANG_CXX_LIBRARY = "libc++";
				CLANG_ENABLE_MODULES = YES;
				CLANG_ENABLE_OBJC_ARC = YES;
				CLANG_WARN_BOOL_CONVERSION = YES;
				CLANG_WARN_CONSTANT_CONVERSION = YES;
				CLANG_WARN_DIRECT_OBJC_ISA_USAGE = YES_ERROR;
				CLANG_WARN_EMPTY_BODY = YES;
				CLANG_WARN_ENUM_CONVERSION = YES;
				CLANG_WARN_INT_CONVERSION = YES;
				CLANG_WARN_OBJC_ROOT_CLASS = YES_ERROR;
				CLANG_WARN_UNREACHABLE_CODE = YES;
				CLANG_WARN__DUPLICATE_METHOD_MATCH = YES;
				"CODE_SIGN_IDENTITY[sdk=iphoneos*]" = "iPhone Developer";
				COPY_PHASE_STRIP = NO;
				DEBUG_INFORMATION_FORMAT = "dwarf-with-dsym";
				ENABLE_NS_ASSERTIONS = NO;
				ENABLE_STRICT_OBJC_MSGSEND = YES;
				GCC_C_LANGUAGE_STANDARD = gnu99;
				GCC_NO_COMMON_BLOCKS = YES;
				GCC_WARN_64_TO_32_BIT_CONVERSION = YES;
				GCC_WARN_ABOUT_RETURN_TYPE = YES_ERROR;
				GCC_WARN_UNDECLARED_SELECTOR = YES;
				GCC_WARN_UNINITIALIZED_AUTOS = YES_AGGRESSIVE;
				GCC_WARN_UNUSED_FUNCTION = YES;
				GCC_WARN_UNUSED_VARIABLE = YES;
				IPHONEOS_DEPLOYMENT_TARGET = 9.3;
				MTL_ENABLE_DEBUG_INFO = NO;
				SDKROOT = iphoneos;
				VALIDATE_PRODUCT = YES;
			};
			name = Release;
		};
		FD45A0D21CD7735100304EC0 /* Debug */ = {
			isa = XCBuildConfiguration;
			buildSettings = {
				ASSETCATALOG_COMPILER_APPICON_NAME = AppIcon;
				ASSETCATALOG_COMPILER_LAUNCHIMAGE_NAME = "Brand Assets";
				CODE_SIGN_ENTITLEMENTS = "";
				CODE_SIGN_IDENTITY = "iPhone Developer";
				"CODE_SIGN_IDENTITY[sdk=iphoneos*]" = "iPhone Developer";
				CURRENT_PROJECT_VERSION = 0.8;
				GCC_PRECOMPILE_PREFIX_HEADER = YES;
				GCC_PREFIX_HEADER = "$(SRCROOT)/Plutocrat/Supporting Files/PrefixHeader.pch";
				INFOPLIST_FILE = "$(SRCROOT)/Plutocrat/Supporting Files/Info.plist";
				IPHONEOS_DEPLOYMENT_TARGET = 8.0;
				LD_RUNPATH_SEARCH_PATHS = "$(inherited) @executable_path/Frameworks";
				PRODUCT_BUNDLE_IDENTIFIER = com.whiteflyventuresinc.Plutocrat;
				PRODUCT_NAME = "$(TARGET_NAME)";
				PROVISIONING_PROFILE = "";
				PROVISIONING_PROFILE_SPECIFIER = "";
				VERSIONING_SYSTEM = "apple-generic";
			};
			name = Debug;
		};
		FD45A0D31CD7735100304EC0 /* Release */ = {
			isa = XCBuildConfiguration;
			buildSettings = {
				ASSETCATALOG_COMPILER_APPICON_NAME = AppIcon;
				ASSETCATALOG_COMPILER_LAUNCHIMAGE_NAME = "Brand Assets";
				CODE_SIGN_ENTITLEMENTS = "";
				CODE_SIGN_IDENTITY = "iPhone Developer";
				"CODE_SIGN_IDENTITY[sdk=iphoneos*]" = "iPhone Developer";
				CURRENT_PROJECT_VERSION = 0.8;
				GCC_PRECOMPILE_PREFIX_HEADER = YES;
				GCC_PREFIX_HEADER = "$(SRCROOT)/Plutocrat/Supporting Files/PrefixHeader.pch";
				INFOPLIST_FILE = "$(SRCROOT)/Plutocrat/Supporting Files/Info.plist";
				IPHONEOS_DEPLOYMENT_TARGET = 8.0;
				LD_RUNPATH_SEARCH_PATHS = "$(inherited) @executable_path/Frameworks";
				PRODUCT_BUNDLE_IDENTIFIER = com.whiteflyventuresinc.Plutocrat;
				PRODUCT_NAME = "$(TARGET_NAME)";
				PROVISIONING_PROFILE = "";
				PROVISIONING_PROFILE_SPECIFIER = "";
				VERSIONING_SYSTEM = "apple-generic";
			};
			name = Release;
		};
/* End XCBuildConfiguration section */

/* Begin XCConfigurationList section */
		FD45A0B21CD7735100304EC0 /* Build configuration list for PBXProject "Plutocrat" */ = {
			isa = XCConfigurationList;
			buildConfigurations = (
				FD45A0CF1CD7735100304EC0 /* Debug */,
				FD45A0D01CD7735100304EC0 /* Release */,
			);
			defaultConfigurationIsVisible = 0;
			defaultConfigurationName = Release;
		};
		FD45A0D11CD7735100304EC0 /* Build configuration list for PBXNativeTarget "Plutocrat" */ = {
			isa = XCConfigurationList;
			buildConfigurations = (
				FD45A0D21CD7735100304EC0 /* Debug */,
				FD45A0D31CD7735100304EC0 /* Release */,
			);
			defaultConfigurationIsVisible = 0;
			defaultConfigurationName = Release;
		};
/* End XCConfigurationList section */
	};
	rootObject = FD45A0AF1CD7735100304EC0 /* Project object */;
}
